
Microsoft Visual Studio Solution File, Format Version 12.00
# Visual Studio 15
VisualStudioVersion = 15.0.28307.1321
MinimumVisualStudioVersion = 10.0.40219.1
Project("{FAE04EC0-301F-11D3-BF4B-00C04F79EFBC}") = "ClassyAIO", "ClassyAIO.csproj", "{81D1406A-A089-4665-B1F9-1BFE406A548C}"
EndProject
Global
	GlobalSection(SolutionConfigurationPlatforms) = preSolution
		Debug|Any CPU = Debug|Any CPU
		Release|Any CPU = Release|Any CPU
	EndGlobalSection
	GlobalSection(ProjectConfigurationPlatforms) = postSolution
		{81D1406A-A089-4665-B1F9-1BFE406A548C}.Debug|Any CPU.ActiveCfg = Debug|Any CPU
		{81D1406A-A089-4665-B1F9-1BFE406A548C}.Debug|Any CPU.Build.0 = Debug|Any CPU
		{81D1406A-A089-4665-B1F9-1BFE406A548C}.Release|Any CPU.ActiveCfg = Release|Any CPU
		{81D1406A-A089-4665-B1F9-1BFE406A548C}.Release|Any CPU.Build.0 = Release|Any CPU
	EndGlobalSection
	GlobalSection(SolutionProperties) = preSolution
		HideSolutionNode = FALSE
	EndGlobalSection
	GlobalSection(ExtensibilityGlobals) = postSolution
		SolutionGuid = {44AF2F56-38E8-45E6-9EED-B686A484C859}
	EndGlobalSection
EndGlobal
